// !$*UTF8*$!
{
	archiveVersion = 1;
	classes = {
	};
	objectVersion = 77;
	objects = {

/* Begin PBXBuildFile section */
		E0CA19322D478D51002D1DC3 /* AppDelegate.swift in Sources */ = {isa = PBXBuildFile; fileRef = E0CA192C2D478D51002D1DC3 /* AppDelegate.swift */; };
		E0CA19332D478D51002D1DC3 /* SceneDelegate.swift in Sources */ = {isa = PBXBuildFile; fileRef = E0CA192F2D478D51002D1DC3 /* SceneDelegate.swift */; };
		E0CA19352D478D51002D1DC3 /* Assets.xcassets in Resources */ = {isa = PBXBuildFile; fileRef = E0CA192D2D478D51002D1DC3 /* Assets.xcassets */; };
		E0CA19382D478FCE002D1DC3 /* ProductListViewController.swift in Sources */ = {isa = PBXBuildFile; fileRef = E0CA19372D478FCE002D1DC3 /* ProductListViewController.swift */; };
		E0CA193A2D479284002D1DC3 /* Product.swift in Sources */ = {isa = PBXBuildFile; fileRef = E0CA19392D479284002D1DC3 /* Product.swift */; };
		E0CA193C2D47943E002D1DC3 /* NetworkManager.swift in Sources */ = {isa = PBXBuildFile; fileRef = E0CA193B2D47943E002D1DC3 /* NetworkManager.swift */; };
		E0CA193E2D4794D4002D1DC3 /* ProductTableViewCell.swift in Sources */ = {isa = PBXBuildFile; fileRef = E0CA193D2D4794D4002D1DC3 /* ProductTableViewCell.swift */; };
		E0CEE7952DF9611600D383A9 /* ProductDetailViewController.swift in Sources */ = {isa = PBXBuildFile; fileRef = E0CEE7942DF9611600D383A9 /* ProductDetailViewController.swift */; };
/* End PBXBuildFile section */

/* Begin PBXFileReference section */
		E0CA19142D478D0C002D1DC3 /* DemoProductApp.app */ = {isa = PBXFileReference; explicitFileType = wrapper.application; includeInIndex = 0; path = DemoProductApp.app; sourceTree = BUILT_PRODUCTS_DIR; };
		E0CA192C2D478D51002D1DC3 /* AppDelegate.swift */ = {isa = PBXFileReference; lastKnownFileType = sourcecode.swift; path = AppDelegate.swift; sourceTree = "<group>"; };
		E0CA192D2D478D51002D1DC3 /* Assets.xcassets */ = {isa = PBXFileReference; lastKnownFileType = folder.assetcatalog; path = Assets.xcassets; sourceTree = "<group>"; };
		E0CA192E2D478D51002D1DC3 /* Info.plist */ = {isa = PBXFileReference; lastKnownFileType = text.plist.xml; path = Info.plist; sourceTree = "<group>"; };
		E0CA192F2D478D51002D1DC3 /* SceneDelegate.swift */ = {isa = PBXFileReference; lastKnownFileType = sourcecode.swift; path = SceneDelegate.swift; sourceTree = "<group>"; };
		E0CA19372D478FCE002D1DC3 /* ProductListViewController.swift */ = {isa = PBXFileReference; lastKnownFileType = sourcecode.swift; path = ProductListViewController.swift; sourceTree = "<group>"; };
		E0CA19392D479284002D1DC3 /* Product.swift */ = {isa = PBXFileReference; lastKnownFileType = sourcecode.swift; path = Product.swift; sourceTree = "<group>"; };
		E0CA193B2D47943E002D1DC3 /* NetworkManager.swift */ = {isa = PBXFileReference; lastKnownFileType = sourcecode.swift; path = NetworkManager.swift; sourceTree = "<group>"; };
		E0CA193D2D4794D4002D1DC3 /* ProductTableViewCell.swift */ = {isa = PBXFileReference; lastKnownFileType = sourcecode.swift; path = ProductTableViewCell.swift; sourceTree = "<group>"; };
		E0CEE7942DF9611600D383A9 /* ProductDetailViewController.swift */ = {isa = PBXFileReference; lastKnownFileType = sourcecode.swift; path = ProductDetailViewController.swift; sourceTree = "<group>"; };
/* End PBXFileReference section */

/* Begin PBXFrameworksBuildPhase section */
		E0CA19112D478D0C002D1DC3 /* Frameworks */ = {
			isa = PBXFrameworksBuildPhase;
			buildActionMask = 2147483647;
			files = (
			);
			runOnlyForDeploymentPostprocessing = 0;
		};
/* End PBXFrameworksBuildPhase section */

/* Begin PBXGroup section */
		E0CA190B2D478D0C002D1DC3 = {
			isa = PBXGroup;
			children = (
				E0CA19312D478D51002D1DC3 /* DemoProductApp */,
				E0CA19152D478D0C002D1DC3 /* Products */,
			);
			sourceTree = "<group>";
		};
		E0CA19152D478D0C002D1DC3 /* Products */ = {
			isa = PBXGroup;
			children = (
				E0CA19142D478D0C002D1DC3 /* DemoProductApp.app */,
			);
			name = Products;
			sourceTree = "<group>";
		};
		E0CA19312D478D51002D1DC3 /* DemoProductApp */ = {
			isa = PBXGroup;
			children = (
				E0CA19432D479698002D1DC3 /* Network Manager */,
				E0CA19412D479652002D1DC3 /* Controller */,
				E0CA19402D47964A002D1DC3 /* View */,
				E0CA193F2D479641002D1DC3 /* Model */,
				E0CA192E2D478D51002D1DC3 /* Info.plist */,
				E0CA19452D4796C1002D1DC3 /* Application */,
				E0CA19442D4796B3002D1DC3 /* Assets */,
			);
			path = DemoProductApp;
			sourceTree = "<group>";
		};
		E0CA193F2D479641002D1DC3 /* Model */ = {
			isa = PBXGroup;
			children = (
				E0CA19392D479284002D1DC3 /* Product.swift */,
			);
			path = Model;
			sourceTree = "<group>";
		};
		E0CA19402D47964A002D1DC3 /* View */ = {
			isa = PBXGroup;
			children = (
				E0CA19422D47965C002D1DC3 /* Cell */,
			);
			path = View;
			sourceTree = "<group>";
		};
		E0CA19412D479652002D1DC3 /* Controller */ = {
			isa = PBXGroup;
			children = (
				E0CA19372D478FCE002D1DC3 /* ProductListViewController.swift */,
				E0CEE7942DF9611600D383A9 /* ProductDetailViewController.swift */,
			);
			path = Controller;
			sourceTree = "<group>";
		};
		E0CA19422D47965C002D1DC3 /* Cell */ = {
			isa = PBXGroup;
			children = (
				E0CA193D2D4794D4002D1DC3 /* ProductTableViewCell.swift */,
			);
			path = Cell;
			sourceTree = "<group>";
		};
		E0CA19432D479698002D1DC3 /* Network Manager */ = {
			isa = PBXGroup;
			children = (
				E0CA193B2D47943E002D1DC3 /* NetworkManager.swift */,
			);
			path = "Network Manager";
			sourceTree = "<group>";
		};
		E0CA19442D4796B3002D1DC3 /* Assets */ = {
			isa = PBXGroup;
			children = (
				E0CA192D2D478D51002D1DC3 /* Assets.xcassets */,
			);
			path = Assets;
			sourceTree = "<group>";
		};
		E0CA19452D4796C1002D1DC3 /* Application */ = {
			isa = PBXGroup;
			children = (
				E0CA192C2D478D51002D1DC3 /* AppDelegate.swift */,
				E0CA192F2D478D51002D1DC3 /* SceneDelegate.swift */,
			);
			path = Application;
			sourceTree = "<group>";
		};
/* End PBXGroup section */

/* Begin PBXNativeTarget section */
		E0CA19132D478D0C002D1DC3 /* DemoProductApp */ = {
			isa = PBXNativeTarget;
			buildConfigurationList = E0CA19272D478D0F002D1DC3 /* Build configuration list for PBXNativeTarget "DemoProductApp" */;
			buildPhases = (
				E0CA19102D478D0C002D1DC3 /* Sources */,
				E0CA19112D478D0C002D1DC3 /* Frameworks */,
				E0CA19122D478D0C002D1DC3 /* Resources */,
			);
			buildRules = (
			);
			dependencies = (
			);
			name = DemoProductApp;
			packageProductDependencies = (
			);
			productName = DemoProductApp;
			productReference = E0CA19142D478D0C002D1DC3 /* DemoProductApp.app */;
			productType = "com.apple.product-type.application";
		};
/* End PBXNativeTarget section */

/* Begin PBXProject section */
		E0CA190C2D478D0C002D1DC3 /* Project object */ = {
			isa = PBXProject;
			attributes = {
				BuildIndependentTargetsInParallel = 1;
				LastSwiftUpdateCheck = 1610;
				LastUpgradeCheck = 1610;
				TargetAttributes = {
					E0CA19132D478D0C002D1DC3 = {
						CreatedOnToolsVersion = 16.1;
					};
				};
			};
			buildConfigurationList = E0CA190F2D478D0C002D1DC3 /* Build configuration list for PBXProject "DemoProductApp" */;
			developmentRegion = en;
			hasScannedForEncodings = 0;
			knownRegions = (
				en,
				Base,
			);
			mainGroup = E0CA190B2D478D0C002D1DC3;
			minimizedProjectReferenceProxies = 1;
			preferredProjectObjectVersion = 77;
			productRefGroup = E0CA19152D478D0C002D1DC3 /* Products */;
			projectDirPath = "";
			projectRoot = "";
			targets = (
				E0CA19132D478D0C002D1DC3 /* DemoProductApp */,
			);
		};
/* End PBXProject section */

/* Begin PBXResourcesBuildPhase section */
		E0CA19122D478D0C002D1DC3 /* Resources */ = {
			isa = PBXResourcesBuildPhase;
			buildActionMask = 2147483647;
			files = (
				E0CA19352D478D51002D1DC3 /* Assets.xcassets in Resources */,
			);
			runOnlyForDeploymentPostprocessing = 0;
		};
/* End PBXResourcesBuildPhase section */

/* Begin PBXSourcesBuildPhase section */
		E0CA19102D478D0C002D1DC3 /* Sources */ = {
			isa = PBXSourcesBuildPhase;
			buildActionMask = 2147483647;
			files = (
				E0CA19322D478D51002D1DC3 /* AppDelegate.swift in Sources */,
				E0CA193A2D479284002D1DC3 /* Product.swift in Sources */,
				E0CEE7952DF9611600D383A9 /* ProductDetailViewController.swift in Sources */,
				E0CA193C2D47943E002D1DC3 /* NetworkManager.swift in Sources */,
				E0CA19382D478FCE002D1DC3 /* ProductListViewController.swift in Sources */,
				E0CA19332D478D51002D1DC3 /* SceneDelegate.swift in Sources */,
				E0CA193E2D4794D4002D1DC3 /* ProductTableViewCell.swift in Sources */,
			);
			runOnlyForDeploymentPostprocessing = 0;
		};
/* End PBXSourcesBuildPhase section */

/* Begin XCBuildConfiguration section */
		E0CA19282D478D0F002D1DC3 /* Debug */ = {
			isa = XCBuildConfiguration;
			buildSettings = {
				ASSETCATALOG_COMPILER_APPICON_NAME = AppIcon;
				ASSETCATALOG_COMPILER_GLOBAL_ACCENT_COLOR_NAME = AccentColor;
				CODE_SIGN_STYLE = Automatic;
				CURRENT_PROJECT_VERSION = 1;
				GENERATE_INFOPLIST_FILE = YES;
				INFOPLIST_FILE = DemoProductApp/Info.plist;
				INFOPLIST_KEY_UIApplicationSupportsIndirectInputEvents = YES;
				INFOPLIST_KEY_UILaunchStoryboardName = LaunchScreen;
				INFOPLIST_KEY_UISupportedInterfaceOrientations_iPad = "UIInterfaceOrientationPortrait UIInterfaceOrientationPortraitUpsideDown UIInterfaceOrientationLandscapeLeft UIInterfaceOrientationLandscapeRight";
				INFOPLIST_KEY_UISupportedInterfaceOrientations_iPhone = "UIInterfaceOrientationPortrait UIInterfaceOrientationLandscapeLeft UIInterfaceOrientationLandscapeRight";
				LD_RUNPATH_SEARCH_PATHS = (
					"$(inherited)",
					"@executable_path/Frameworks",
				);
				MARKETING_VERSION = 1.0;
				PRODUCT_BUNDLE_IDENTIFIER = o3Interfaces.DemoProductApp;
				PRODUCT_NAME = "$(TARGET_NAME)";
				SWIFT_EMIT_LOC_STRINGS = YES;
				SWIFT_VERSION = 5.0;
				TARGETED_DEVICE_FAMILY = "1,2";
			};
			name = Debug;
		};
		E0CA19292D478D0F002D1DC3 /* Release */ = {
			isa = XCBuildConfiguration;
			buildSettings = {
				ASSETCATALOG_COMPILER_APPICON_NAME = AppIcon;
				ASSETCATALOG_COMPILER_GLOBAL_ACCENT_COLOR_NAME = AccentColor;
				CODE_SIGN_STYLE = Automatic;
				CURRENT_PROJECT_VERSION = 1;
				GENERATE_INFOPLIST_FILE = YES;
				INFOPLIST_FILE = DemoProductApp/Info.plist;
				INFOPLIST_KEY_UIApplicationSupportsIndirectInputEvents = YES;
				INFOPLIST_KEY_UILaunchStoryboardName = LaunchScreen;
				INFOPLIST_KEY_UISupportedInterfaceOrientations_iPad = "UIInterfaceOrientationPortrait UIInterfaceOrientationPortraitUpsideDown UIInterfaceOrientationLandscapeLeft UIInterfaceOrientationLandscapeRight";
				INFOPLIST_KEY_UISupportedInterfaceOrientations_iPhone = "UIInterfaceOrientationPortrait UIInterfaceOrientationLandscapeLeft UIInterfaceOrientationLandscapeRight";
				LD_RUNPATH_SEARCH_PATHS = (
					"$(inherited)",
					"@executable_path/Frameworks",
				);
				MARKETING_VERSION = 1.0;
				PRODUCT_BUNDLE_IDENTIFIER = o3Interfaces.DemoProductApp;
				PRODUCT_NAME = "$(TARGET_NAME)";
				SWIFT_EMIT_LOC_STRINGS = YES;
				SWIFT_VERSION = 5.0;
				TARGETED_DEVICE_FAMILY = "1,2";
			};
			name = Release;
		};
		E0CA192A2D478D0F002D1DC3 /* Debug */ = {
			isa = XCBuildConfiguration;
			buildSettings = {
				ALWAYS_SEARCH_USER_PATHS = NO;
				ASSETCATALOG_COMPILER_GENERATE_SWIFT_ASSET_SYMBOL_EXTENSIONS = YES;
				CLANG_ANALYZER_NONNULL = YES;
				CLANG_ANALYZER_NUMBER_OBJECT_CONVERSION = YES_AGGRESSIVE;
				CLANG_CXX_LANGUAGE_STANDARD = "gnu++20";
				CLANG_ENABLE_MODULES = YES;
				CLANG_ENABLE_OBJC_ARC = YES;
				CLANG_ENABLE_OBJC_WEAK = YES;
				CLANG_WARN_BLOCK_CAPTURE_AUTORELEASING = YES;
				CLANG_WARN_BOOL_CONVERSION = YES;
				CLANG_WARN_COMMA = YES;
				CLANG_WARN_CONSTANT_CONVERSION = YES;
				CLANG_WARN_DEPRECATED_OBJC_IMPLEMENTATIONS = YES;
				CLANG_WARN_DIRECT_OBJC_ISA_USAGE = YES_ERROR;
				CLANG_WARN_DOCUMENTATION_COMMENTS = YES;
				CLANG_WARN_EMPTY_BODY = YES;
				CLANG_WARN_ENUM_CONVERSION = YES;
				CLANG_WARN_INFINITE_RECURSION = YES;
				CLANG_WARN_INT_CONVERSION = YES;
				CLANG_WARN_NON_LITERAL_NULL_CONVERSION = YES;
				CLANG_WARN_OBJC_IMPLICIT_RETAIN_SELF = YES;
				CLANG_WARN_OBJC_LITERAL_CONVERSION = YES;
				CLANG_WARN_OBJC_ROOT_CLASS = YES_ERROR;
				CLANG_WARN_QUOTED_INCLUDE_IN_FRAMEWORK_HEADER = YES;
				CLANG_WARN_RANGE_LOOP_ANALYSIS = YES;
				CLANG_WARN_STRICT_PROTOTYPES = YES;
				CLANG_WARN_SUSPICIOUS_MOVE = YES;
				CLANG_WARN_UNGUARDED_AVAILABILITY = YES_AGGRESSIVE;
				CLANG_WARN_UNREACHABLE_CODE = YES;
				CLANG_WARN__DUPLICATE_METHOD_MATCH = YES;
				COPY_PHASE_STRIP = NO;
				DEBUG_INFORMATION_FORMAT = dwarf;
				ENABLE_STRICT_OBJC_MSGSEND = YES;
				ENABLE_TESTABILITY = YES;
				ENABLE_USER_SCRIPT_SANDBOXING = YES;
				GCC_C_LANGUAGE_STANDARD = gnu17;
				GCC_DYNAMIC_NO_PIC = NO;
				GCC_NO_COMMON_BLOCKS = YES;
				GCC_OPTIMIZATION_LEVEL = 0;
				GCC_PREPROCESSOR_DEFINITIONS = (
					"DEBUG=1",
					"$(inherited)",
				);
				GCC_WARN_64_TO_32_BIT_CONVERSION = YES;
				GCC_WARN_ABOUT_RETURN_TYPE = YES_ERROR;
				GCC_WARN_UNDECLARED_SELECTOR = YES;
				GCC_WARN_UNINITIALIZED_AUTOS = YES_AGGRESSIVE;
				GCC_WARN_UNUSED_FUNCTION = YES;
				GCC_WARN_UNUSED_VARIABLE = YES;
				IPHONEOS_DEPLOYMENT_TARGET = 18.1;
				LOCALIZATION_PREFERS_STRING_CATALOGS = YES;
				MTL_ENABLE_DEBUG_INFO = INCLUDE_SOURCE;
				MTL_FAST_MATH = YES;
				ONLY_ACTIVE_ARCH = YES;
				SDKROOT = iphoneos;
				SWIFT_ACTIVE_COMPILATION_CONDITIONS = "DEBUG $(inherited)";
				SWIFT_OPTIMIZATION_LEVEL = "-Onone";
			};
			name = Debug;
		};
		E0CA192B2D478D0F002D1DC3 /* Release */ = {
			isa = XCBuildConfiguration;
			buildSettings = {
				ALWAYS_SEARCH_USER_PATHS = NO;
				ASSETCATALOG_COMPILER_GENERATE_SWIFT_ASSET_SYMBOL_EXTENSIONS = YES;
				CLANG_ANALYZER_NONNULL = YES;
				CLANG_ANALYZER_NUMBER_OBJECT_CONVERSION = YES_AGGRESSIVE;
				CLANG_CXX_LANGUAGE_STANDARD = "gnu++20";
				CLANG_ENABLE_MODULES = YES;
				CLANG_ENABLE_OBJC_ARC = YES;
				CLANG_ENABLE_OBJC_WEAK = YES;
				CLANG_WARN_BLOCK_CAPTURE_AUTORELEASING = YES;
				CLANG_WARN_BOOL_CONVERSION = YES;
				CLANG_WARN_COMMA = YES;
				CLANG_WARN_CONSTANT_CONVERSION = YES;
				CLANG_WARN_DEPRECATED_OBJC_IMPLEMENTATIONS = YES;
				CLANG_WARN_DIRECT_OBJC_ISA_USAGE = YES_ERROR;
				CLANG_WARN_DOCUMENTATION_COMMENTS = YES;
				CLANG_WARN_EMPTY_BODY = YES;
				CLANG_WARN_ENUM_CONVERSION = YES;
				CLANG_WARN_INFINITE_RECURSION = YES;
				CLANG_WARN_INT_CONVERSION = YES;
				CLANG_WARN_NON_LITERAL_NULL_CONVERSION = YES;
				CLANG_WARN_OBJC_IMPLICIT_RETAIN_SELF = YES;
				CLANG_WARN_OBJC_LITERAL_CONVERSION = YES;
				CLANG_WARN_OBJC_ROOT_CLASS = YES_ERROR;
				CLANG_WARN_QUOTED_INCLUDE_IN_FRAMEWORK_HEADER = YES;
				CLANG_WARN_RANGE_LOOP_ANALYSIS = YES;
				CLANG_WARN_STRICT_PROTOTYPES = YES;
				CLANG_WARN_SUSPICIOUS_MOVE = YES;
				CLANG_WARN_UNGUARDED_AVAILABILITY = YES_AGGRESSIVE;
				CLANG_WARN_UNREACHABLE_CODE = YES;
				CLANG_WARN__DUPLICATE_METHOD_MATCH = YES;
				COPY_PHASE_STRIP = NO;
				DEBUG_INFORMATION_FORMAT = "dwarf-with-dsym";
				ENABLE_NS_ASSERTIONS = NO;
				ENABLE_STRICT_OBJC_MSGSEND = YES;
				ENABLE_USER_SCRIPT_SANDBOXING = YES;
				GCC_C_LANGUAGE_STANDARD = gnu17;
				GCC_NO_COMMON_BLOCKS = YES;
				GCC_WARN_64_TO_32_BIT_CONVERSION = YES;
				GCC_WARN_ABOUT_RETURN_TYPE = YES_ERROR;
				GCC_WARN_UNDECLARED_SELECTOR = YES;
				GCC_WARN_UNINITIALIZED_AUTOS = YES_AGGRESSIVE;
				GCC_WARN_UNUSED_FUNCTION = YES;
				GCC_WARN_UNUSED_VARIABLE = YES;
				IPHONEOS_DEPLOYMENT_TARGET = 18.1;
				LOCALIZATION_PREFERS_STRING_CATALOGS = YES;
				MTL_ENABLE_DEBUG_INFO = NO;
				MTL_FAST_MATH = YES;
				SDKROOT = iphoneos;
				SWIFT_COMPILATION_MODE = wholemodule;
				VALIDATE_PRODUCT = YES;
			};
			name = Release;
		};
/* End XCBuildConfiguration section */

/* Begin XCConfigurationList section */
		E0CA190F2D478D0C002D1DC3 /* Build configuration list for PBXProject "DemoProductApp" */ = {
			isa = XCConfigurationList;
			buildConfigurations = (
				E0CA192A2D478D0F002D1DC3 /* Debug */,
				E0CA192B2D478D0F002D1DC3 /* Release */,
			);
			defaultConfigurationIsVisible = 0;
			defaultConfigurationName = Release;
		};
		E0CA19272D478D0F002D1DC3 /* Build configuration list for PBXNativeTarget "DemoProductApp" */ = {
			isa = XCConfigurationList;
			buildConfigurations = (
				E0CA19282D478D0F002D1DC3 /* Debug */,
				E0CA19292D478D0F002D1DC3 /* Release */,
			);
			defaultConfigurationIsVisible = 0;
			defaultConfigurationName = Release;
		};
/* End XCConfigurationList section */
	};
	rootObject = E0CA190C2D478D0C002D1DC3 /* Project object */;
}
